
Microsoft Visual Studio Solution File, Format Version 12.00
# Visual Studio Version 16
VisualStudioVersion = 16.0.29519.87
MinimumVisualStudioVersion = 10.0.40219.1
Project("{FAE04EC0-301F-11D3-BF4B-00C04F79EFBC}") = "TuringMachine", "TuringMachine\TuringMachine.csproj", "{932306C4-4E57-4429-84C8-8548643E8849}"
EndProject
Global
	GlobalSection(SolutionConfigurationPlatforms) = preSolution
		Debug|Any CPU = Debug|Any CPU
		Release|Any CPU = Release|Any CPU
	EndGlobalSection
	GlobalSection(ProjectConfigurationPlatforms) = postSolution
		{932306C4-4E57-4429-84C8-8548643E8849}.Debug|Any CPU.ActiveCfg = Debug|Any CPU
		{932306C4-4E57-4429-84C8-8548643E8849}.Debug|Any CPU.Build.0 = Debug|Any CPU
		{932306C4-4E57-4429-84C8-8548643E8849}.Release|Any CPU.ActiveCfg = Release|Any CPU
		{932306C4-4E57-4429-84C8-8548643E8849}.Release|Any CPU.Build.0 = Release|Any CPU
	EndGlobalSection
	GlobalSection(SolutionProperties) = preSolution
		HideSolutionNode = FALSE
	EndGlobalSection
	GlobalSection(ExtensibilityGlobals) = postSolution
		SolutionGuid = {49311F77-6068-4D57-869C-05DCDFA5CA16}
	EndGlobalSection
EndGlobal
